// !$*UTF8*$!
{
	archiveVersion = 1;
	classes = {
	};
	objectVersion = 48;
	objects = {

/* Begin PBXBuildFile section */
		239306142004E64600C1A6FE /* AppDelegate.swift in Sources */ = {isa = PBXBuildFile; fileRef = 239306132004E64600C1A6FE /* AppDelegate.swift */; };
		239306162004E64700C1A6FE /* ViewController.swift in Sources */ = {isa = PBXBuildFile; fileRef = 239306152004E64700C1A6FE /* ViewController.swift */; };
		239306192004E64700C1A6FE /* Main.storyboard in Resources */ = {isa = PBXBuildFile; fileRef = 239306172004E64700C1A6FE /* Main.storyboard */; };
		2393061B2004E64700C1A6FE /* Assets.xcassets in Resources */ = {isa = PBXBuildFile; fileRef = 2393061A2004E64700C1A6FE /* Assets.xcassets */; };
		2393061E2004E64700C1A6FE /* LaunchScreen.storyboard in Resources */ = {isa = PBXBuildFile; fileRef = 2393061C2004E64700C1A6FE /* LaunchScreen.storyboard */; };
		239306292004E64700C1A6FE /* WeatherAppTests.swift in Sources */ = {isa = PBXBuildFile; fileRef = 239306282004E64700C1A6FE /* WeatherAppTests.swift */; };
		239306342004E64700C1A6FE /* WeatherAppUITests.swift in Sources */ = {isa = PBXBuildFile; fileRef = 239306332004E64700C1A6FE /* WeatherAppUITests.swift */; };
		239306422004F06400C1A6FE /* WeatherViewController.swift in Sources */ = {isa = PBXBuildFile; fileRef = 239306412004F06400C1A6FE /* WeatherViewController.swift */; };
		23930644200515EF00C1A6FE /* ApiCalling.swift in Sources */ = {isa = PBXBuildFile; fileRef = 23930643200515EF00C1A6FE /* ApiCalling.swift */; };
		239306462005296600C1A6FE /* UIImage.swift in Sources */ = {isa = PBXBuildFile; fileRef = 239306452005296600C1A6FE /* UIImage.swift */; };
/* End PBXBuildFile section */

/* Begin PBXContainerItemProxy section */
		239306252004E64700C1A6FE /* PBXContainerItemProxy */ = {
			isa = PBXContainerItemProxy;
			containerPortal = 239306082004E64500C1A6FE /* Project object */;
			proxyType = 1;
			remoteGlobalIDString = 2393060F2004E64600C1A6FE;
			remoteInfo = WeatherApp;
		};
		239306302004E64700C1A6FE /* PBXContainerItemProxy */ = {
			isa = PBXContainerItemProxy;
			containerPortal = 239306082004E64500C1A6FE /* Project object */;
			proxyType = 1;
			remoteGlobalIDString = 2393060F2004E64600C1A6FE;
			remoteInfo = WeatherApp;
		};
/* End PBXContainerItemProxy section */

/* Begin PBXFileReference section */
		239306102004E64600C1A6FE /* WeatherApp.app */ = {isa = PBXFileReference; explicitFileType = wrapper.application; includeInIndex = 0; path = WeatherApp.app; sourceTree = BUILT_PRODUCTS_DIR; };
		239306132004E64600C1A6FE /* AppDelegate.swift */ = {isa = PBXFileReference; lastKnownFileType = sourcecode.swift; path = AppDelegate.swift; sourceTree = "<group>"; };
		239306152004E64700C1A6FE /* ViewController.swift */ = {isa = PBXFileReference; lastKnownFileType = sourcecode.swift; path = ViewController.swift; sourceTree = "<group>"; };
		239306182004E64700C1A6FE /* Base */ = {isa = PBXFileReference; lastKnownFileType = file.storyboard; name = Base; path = Base.lproj/Main.storyboard; sourceTree = "<group>"; };
		2393061A2004E64700C1A6FE /* Assets.xcassets */ = {isa = PBXFileReference; lastKnownFileType = folder.assetcatalog; path = Assets.xcassets; sourceTree = "<group>"; };
		2393061D2004E64700C1A6FE /* Base */ = {isa = PBXFileReference; lastKnownFileType = file.storyboard; name = Base; path = Base.lproj/LaunchScreen.storyboard; sourceTree = "<group>"; };
		2393061F2004E64700C1A6FE /* Info.plist */ = {isa = PBXFileReference; lastKnownFileType = text.plist.xml; path = Info.plist; sourceTree = "<group>"; };
		239306242004E64700C1A6FE /* WeatherAppTests.xctest */ = {isa = PBXFileReference; explicitFileType = wrapper.cfbundle; includeInIndex = 0; path = WeatherAppTests.xctest; sourceTree = BUILT_PRODUCTS_DIR; };
		239306282004E64700C1A6FE /* WeatherAppTests.swift */ = {isa = PBXFileReference; lastKnownFileType = sourcecode.swift; path = WeatherAppTests.swift; sourceTree = "<group>"; };
		2393062A2004E64700C1A6FE /* Info.plist */ = {isa = PBXFileReference; lastKnownFileType = text.plist.xml; path = Info.plist; sourceTree = "<group>"; };
		2393062F2004E64700C1A6FE /* WeatherAppUITests.xctest */ = {isa = PBXFileReference; explicitFileType = wrapper.cfbundle; includeInIndex = 0; path = WeatherAppUITests.xctest; sourceTree = BUILT_PRODUCTS_DIR; };
		239306332004E64700C1A6FE /* WeatherAppUITests.swift */ = {isa = PBXFileReference; lastKnownFileType = sourcecode.swift; path = WeatherAppUITests.swift; sourceTree = "<group>"; };
		239306352004E64700C1A6FE /* Info.plist */ = {isa = PBXFileReference; lastKnownFileType = text.plist.xml; path = Info.plist; sourceTree = "<group>"; };
		239306412004F06400C1A6FE /* WeatherViewController.swift */ = {isa = PBXFileReference; lastKnownFileType = sourcecode.swift; path = WeatherViewController.swift; sourceTree = "<group>"; };
		23930643200515EF00C1A6FE /* ApiCalling.swift */ = {isa = PBXFileReference; lastKnownFileType = sourcecode.swift; path = ApiCalling.swift; sourceTree = "<group>"; };
		239306452005296600C1A6FE /* UIImage.swift */ = {isa = PBXFileReference; lastKnownFileType = sourcecode.swift; path = UIImage.swift; sourceTree = "<group>"; };
/* End PBXFileReference section */

/* Begin PBXFrameworksBuildPhase section */
		2393060D2004E64600C1A6FE /* Frameworks */ = {
			isa = PBXFrameworksBuildPhase;
			buildActionMask = 2147483647;
			files = (
			);
			runOnlyForDeploymentPostprocessing = 0;
		};
		239306212004E64700C1A6FE /* Frameworks */ = {
			isa = PBXFrameworksBuildPhase;
			buildActionMask = 2147483647;
			files = (
			);
			runOnlyForDeploymentPostprocessing = 0;
		};
		2393062C2004E64700C1A6FE /* Frameworks */ = {
			isa = PBXFrameworksBuildPhase;
			buildActionMask = 2147483647;
			files = (
			);
			runOnlyForDeploymentPostprocessing = 0;
		};
/* End PBXFrameworksBuildPhase section */

/* Begin PBXGroup section */
		239306072004E64400C1A6FE = {
			isa = PBXGroup;
			children = (
				239306122004E64600C1A6FE /* WeatherApp */,
				239306272004E64700C1A6FE /* WeatherAppTests */,
				239306322004E64700C1A6FE /* WeatherAppUITests */,
				239306112004E64600C1A6FE /* Products */,
			);
			sourceTree = "<group>";
		};
		239306112004E64600C1A6FE /* Products */ = {
			isa = PBXGroup;
			children = (
				239306102004E64600C1A6FE /* WeatherApp.app */,
				239306242004E64700C1A6FE /* WeatherAppTests.xctest */,
				2393062F2004E64700C1A6FE /* WeatherAppUITests.xctest */,
			);
			name = Products;
			sourceTree = "<group>";
		};
		239306122004E64600C1A6FE /* WeatherApp */ = {
			isa = PBXGroup;
			children = (
				239306132004E64600C1A6FE /* AppDelegate.swift */,
				239306152004E64700C1A6FE /* ViewController.swift */,
				239306412004F06400C1A6FE /* WeatherViewController.swift */,
				239306452005296600C1A6FE /* UIImage.swift */,
				23930643200515EF00C1A6FE /* ApiCalling.swift */,
				239306172004E64700C1A6FE /* Main.storyboard */,
				2393061A2004E64700C1A6FE /* Assets.xcassets */,
				2393061C2004E64700C1A6FE /* LaunchScreen.storyboard */,
				2393061F2004E64700C1A6FE /* Info.plist */,
			);
			path = WeatherApp;
			sourceTree = "<group>";
		};
		239306272004E64700C1A6FE /* WeatherAppTests */ = {
			isa = PBXGroup;
			children = (
				239306282004E64700C1A6FE /* WeatherAppTests.swift */,
				2393062A2004E64700C1A6FE /* Info.plist */,
			);
			path = WeatherAppTests;
			sourceTree = "<group>";
		};
		239306322004E64700C1A6FE /* WeatherAppUITests */ = {
			isa = PBXGroup;
			children = (
				239306332004E64700C1A6FE /* WeatherAppUITests.swift */,
				239306352004E64700C1A6FE /* Info.plist */,
			);
			path = WeatherAppUITests;
			sourceTree = "<group>";
		};
/* End PBXGroup section */

/* Begin PBXNativeTarget section */
		2393060F2004E64600C1A6FE /* WeatherApp */ = {
			isa = PBXNativeTarget;
			buildConfigurationList = 239306382004E64700C1A6FE /* Build configuration list for PBXNativeTarget "WeatherApp" */;
			buildPhases = (
				2393060C2004E64600C1A6FE /* Sources */,
				2393060D2004E64600C1A6FE /* Frameworks */,
				2393060E2004E64600C1A6FE /* Resources */,
			);
			buildRules = (
			);
			dependencies = (
			);
			name = WeatherApp;
			productName = WeatherApp;
			productReference = 239306102004E64600C1A6FE /* WeatherApp.app */;
			productType = "com.apple.product-type.application";
		};
		239306232004E64700C1A6FE /* WeatherAppTests */ = {
			isa = PBXNativeTarget;
			buildConfigurationList = 2393063B2004E64700C1A6FE /* Build configuration list for PBXNativeTarget "WeatherAppTests" */;
			buildPhases = (
				239306202004E64700C1A6FE /* Sources */,
				239306212004E64700C1A6FE /* Frameworks */,
				239306222004E64700C1A6FE /* Resources */,
			);
			buildRules = (
			);
			dependencies = (
				239306262004E64700C1A6FE /* PBXTargetDependency */,
			);
			name = WeatherAppTests;
			productName = WeatherAppTests;
			productReference = 239306242004E64700C1A6FE /* WeatherAppTests.xctest */;
			productType = "com.apple.product-type.bundle.unit-test";
		};
		2393062E2004E64700C1A6FE /* WeatherAppUITests */ = {
			isa = PBXNativeTarget;
			buildConfigurationList = 2393063E2004E64700C1A6FE /* Build configuration list for PBXNativeTarget "WeatherAppUITests" */;
			buildPhases = (
				2393062B2004E64700C1A6FE /* Sources */,
				2393062C2004E64700C1A6FE /* Frameworks */,
				2393062D2004E64700C1A6FE /* Resources */,
			);
			buildRules = (
			);
			dependencies = (
				239306312004E64700C1A6FE /* PBXTargetDependency */,
			);
			name = WeatherAppUITests;
			productName = WeatherAppUITests;
			productReference = 2393062F2004E64700C1A6FE /* WeatherAppUITests.xctest */;
			productType = "com.apple.product-type.bundle.ui-testing";
		};
/* End PBXNativeTarget section */

/* Begin PBXProject section */
		239306082004E64500C1A6FE /* Project object */ = {
			isa = PBXProject;
			attributes = {
				LastSwiftUpdateCheck = 0920;
				LastUpgradeCheck = 0920;
				ORGANIZATIONNAME = JaganMohan;
				TargetAttributes = {
					2393060F2004E64600C1A6FE = {
						CreatedOnToolsVersion = 9.2;
						ProvisioningStyle = Automatic;
					};
					239306232004E64700C1A6FE = {
						CreatedOnToolsVersion = 9.2;
						ProvisioningStyle = Automatic;
						TestTargetID = 2393060F2004E64600C1A6FE;
					};
					2393062E2004E64700C1A6FE = {
						CreatedOnToolsVersion = 9.2;
						ProvisioningStyle = Automatic;
						TestTargetID = 2393060F2004E64600C1A6FE;
					};
				};
			};
			buildConfigurationList = 2393060B2004E64500C1A6FE /* Build configuration list for PBXProject "WeatherApp" */;
			compatibilityVersion = "Xcode 8.0";
			developmentRegion = en;
			hasScannedForEncodings = 0;
			knownRegions = (
				en,
				Base,
			);
			mainGroup = 239306072004E64400C1A6FE;
			productRefGroup = 239306112004E64600C1A6FE /* Products */;
			projectDirPath = "";
			projectRoot = "";
			targets = (
				2393060F2004E64600C1A6FE /* WeatherApp */,
				239306232004E64700C1A6FE /* WeatherAppTests */,
				2393062E2004E64700C1A6FE /* WeatherAppUITests */,
			);
		};
/* End PBXProject section */

/* Begin PBXResourcesBuildPhase section */
		2393060E2004E64600C1A6FE /* Resources */ = {
			isa = PBXResourcesBuildPhase;
			buildActionMask = 2147483647;
			files = (
				2393061E2004E64700C1A6FE /* LaunchScreen.storyboard in Resources */,
				2393061B2004E64700C1A6FE /* Assets.xcassets in Resources */,
				239306192004E64700C1A6FE /* Main.storyboard in Resources */,
			);
			runOnlyForDeploymentPostprocessing = 0;
		};
		239306222004E64700C1A6FE /* Resources */ = {
			isa = PBXResourcesBuildPhase;
			buildActionMask = 2147483647;
			files = (
			);
			runOnlyForDeploymentPostprocessing = 0;
		};
		2393062D2004E64700C1A6FE /* Resources */ = {
			isa = PBXResourcesBuildPhase;
			buildActionMask = 2147483647;
			files = (
			);
			runOnlyForDeploymentPostprocessing = 0;
		};
/* End PBXResourcesBuildPhase section */

/* Begin PBXSourcesBuildPhase section */
		2393060C2004E64600C1A6FE /* Sources */ = {
			isa = PBXSourcesBuildPhase;
			buildActionMask = 2147483647;
			files = (
				239306162004E64700C1A6FE /* ViewController.swift in Sources */,
				239306462005296600C1A6FE /* UIImage.swift in Sources */,
				239306422004F06400C1A6FE /* WeatherViewController.swift in Sources */,
				239306142004E64600C1A6FE /* AppDelegate.swift in Sources */,
				23930644200515EF00C1A6FE /* ApiCalling.swift in Sources */,
			);
			runOnlyForDeploymentPostprocessing = 0;
		};
		239306202004E64700C1A6FE /* Sources */ = {
			isa = PBXSourcesBuildPhase;
			buildActionMask = 2147483647;
			files = (
				239306292004E64700C1A6FE /* WeatherAppTests.swift in Sources */,
			);
			runOnlyForDeploymentPostprocessing = 0;
		};
		2393062B2004E64700C1A6FE /* Sources */ = {
			isa = PBXSourcesBuildPhase;
			buildActionMask = 2147483647;
			files = (
				239306342004E64700C1A6FE /* WeatherAppUITests.swift in Sources */,
			);
			runOnlyForDeploymentPostprocessing = 0;
		};
/* End PBXSourcesBuildPhase section */

/* Begin PBXTargetDependency section */
		239306262004E64700C1A6FE /* PBXTargetDependency */ = {
			isa = PBXTargetDependency;
			target = 2393060F2004E64600C1A6FE /* WeatherApp */;
			targetProxy = 239306252004E64700C1A6FE /* PBXContainerItemProxy */;
		};
		239306312004E64700C1A6FE /* PBXTargetDependency */ = {
			isa = PBXTargetDependency;
			target = 2393060F2004E64600C1A6FE /* WeatherApp */;
			targetProxy = 239306302004E64700C1A6FE /* PBXContainerItemProxy */;
		};
/* End PBXTargetDependency section */

/* Begin PBXVariantGroup section */
		239306172004E64700C1A6FE /* Main.storyboard */ = {
			isa = PBXVariantGroup;
			children = (
				239306182004E64700C1A6FE /* Base */,
			);
			name = Main.storyboard;
			sourceTree = "<group>";
		};
		2393061C2004E64700C1A6FE /* LaunchScreen.storyboard */ = {
			isa = PBXVariantGroup;
			children = (
				2393061D2004E64700C1A6FE /* Base */,
			);
			name = LaunchScreen.storyboard;
			sourceTree = "<group>";
		};
/* End PBXVariantGroup section */

/* Begin XCBuildConfiguration section */
		239306362004E64700C1A6FE /* Debug */ = {
			isa = XCBuildConfiguration;
			buildSettings = {
				ALWAYS_SEARCH_USER_PATHS = NO;
				CLANG_ANALYZER_NONNULL = YES;
				CLANG_ANALYZER_NUMBER_OBJECT_CONVERSION = YES_AGGRESSIVE;
				CLANG_CXX_LANGUAGE_STANDARD = "gnu++14";
				CLANG_CXX_LIBRARY = "libc++";
				CLANG_ENABLE_MODULES = YES;
				CLANG_ENABLE_OBJC_ARC = YES;
				CLANG_WARN_BLOCK_CAPTURE_AUTORELEASING = YES;
				CLANG_WARN_BOOL_CONVERSION = YES;
				CLANG_WARN_COMMA = YES;
				CLANG_WARN_CONSTANT_CONVERSION = YES;
				CLANG_WARN_DIRECT_OBJC_ISA_USAGE = YES_ERROR;
				CLANG_WARN_DOCUMENTATION_COMMENTS = YES;
				CLANG_WARN_EMPTY_BODY = YES;
				CLANG_WARN_ENUM_CONVERSION = YES;
				CLANG_WARN_INFINITE_RECURSION = YES;
				CLANG_WARN_INT_CONVERSION = YES;
				CLANG_WARN_NON_LITERAL_NULL_CONVERSION = YES;
				CLANG_WARN_OBJC_LITERAL_CONVERSION = YES;
				CLANG_WARN_OBJC_ROOT_CLASS = YES_ERROR;
				CLANG_WARN_RANGE_LOOP_ANALYSIS = YES;
				CLANG_WARN_STRICT_PROTOTYPES = YES;
				CLANG_WARN_SUSPICIOUS_MOVE = YES;
				CLANG_WARN_UNGUARDED_AVAILABILITY = YES_AGGRESSIVE;
				CLANG_WARN_UNREACHABLE_CODE = YES;
				CLANG_WARN__DUPLICATE_METHOD_MATCH = YES;
				CODE_SIGN_IDENTITY = "iPhone Developer";
				COPY_PHASE_STRIP = NO;
				DEBUG_INFORMATION_FORMAT = dwarf;
				ENABLE_STRICT_OBJC_MSGSEND = YES;
				ENABLE_TESTABILITY = YES;
				GCC_C_LANGUAGE_STANDARD = gnu11;
				GCC_DYNAMIC_NO_PIC = NO;
				GCC_NO_COMMON_BLOCKS = YES;
				GCC_OPTIMIZATION_LEVEL = 0;
				GCC_PREPROCESSOR_DEFINITIONS = (
					"DEBUG=1",
					"$(inherited)",
				);
				GCC_WARN_64_TO_32_BIT_CONVERSION = YES;
				GCC_WARN_ABOUT_RETURN_TYPE = YES_ERROR;
				GCC_WARN_UNDECLARED_SELECTOR = YES;
				GCC_WARN_UNINITIALIZED_AUTOS = YES_AGGRESSIVE;
				GCC_WARN_UNUSED_FUNCTION = YES;
				GCC_WARN_UNUSED_VARIABLE = YES;
				IPHONEOS_DEPLOYMENT_TARGET = 11.2;
				MTL_ENABLE_DEBUG_INFO = YES;
				ONLY_ACTIVE_ARCH = YES;
				SDKROOT = iphoneos;
				SWIFT_ACTIVE_COMPILATION_CONDITIONS = DEBUG;
				SWIFT_OPTIMIZATION_LEVEL = "-Onone";
			};
			name = Debug;
		};
		239306372004E64700C1A6FE /* Release */ = {
			isa = XCBuildConfiguration;
			buildSettings = {
				ALWAYS_SEARCH_USER_PATHS = NO;
				CLANG_ANALYZER_NONNULL = YES;
				CLANG_ANALYZER_NUMBER_OBJECT_CONVERSION = YES_AGGRESSIVE;
				CLANG_CXX_LANGUAGE_STANDARD = "gnu++14";
				CLANG_CXX_LIBRARY = "libc++";
				CLANG_ENABLE_MODULES = YES;
				CLANG_ENABLE_OBJC_ARC = YES;
				CLANG_WARN_BLOCK_CAPTURE_AUTORELEASING = YES;
				CLANG_WARN_BOOL_CONVERSION = YES;
				CLANG_WARN_COMMA = YES;
				CLANG_WARN_CONSTANT_CONVERSION = YES;
				CLANG_WARN_DIRECT_OBJC_ISA_USAGE = YES_ERROR;
				CLANG_WARN_DOCUMENTATION_COMMENTS = YES;
				CLANG_WARN_EMPTY_BODY = YES;
				CLANG_WARN_ENUM_CONVERSION = YES;
				CLANG_WARN_INFINITE_RECURSION = YES;
				CLANG_WARN_INT_CONVERSION = YES;
				CLANG_WARN_NON_LITERAL_NULL_CONVERSION = YES;
				CLANG_WARN_OBJC_LITERAL_CONVERSION = YES;
				CLANG_WARN_OBJC_ROOT_CLASS = YES_ERROR;
				CLANG_WARN_RANGE_LOOP_ANALYSIS = YES;
				CLANG_WARN_STRICT_PROTOTYPES = YES;
				CLANG_WARN_SUSPICIOUS_MOVE = YES;
				CLANG_WARN_UNGUARDED_AVAILABILITY = YES_AGGRESSIVE;
				CLANG_WARN_UNREACHABLE_CODE = YES;
				CLANG_WARN__DUPLICATE_METHOD_MATCH = YES;
				CODE_SIGN_IDENTITY = "iPhone Developer";
				COPY_PHASE_STRIP = NO;
				DEBUG_INFORMATION_FORMAT = "dwarf-with-dsym";
				ENABLE_NS_ASSERTIONS = NO;
				ENABLE_STRICT_OBJC_MSGSEND = YES;
				GCC_C_LANGUAGE_STANDARD = gnu11;
				GCC_NO_COMMON_BLOCKS = YES;
				GCC_WARN_64_TO_32_BIT_CONVERSION = YES;
				GCC_WARN_ABOUT_RETURN_TYPE = YES_ERROR;
				GCC_WARN_UNDECLARED_SELECTOR = YES;
				GCC_WARN_UNINITIALIZED_AUTOS = YES_AGGRESSIVE;
				GCC_WARN_UNUSED_FUNCTION = YES;
				GCC_WARN_UNUSED_VARIABLE = YES;
				IPHONEOS_DEPLOYMENT_TARGET = 11.2;
				MTL_ENABLE_DEBUG_INFO = NO;
				SDKROOT = iphoneos;
				SWIFT_OPTIMIZATION_LEVEL = "-Owholemodule";
				VALIDATE_PRODUCT = YES;
			};
			name = Release;
		};
		239306392004E64700C1A6FE /* Debug */ = {
			isa = XCBuildConfiguration;
			buildSettings = {
				ASSETCATALOG_COMPILER_APPICON_NAME = AppIcon;
				CODE_SIGN_STYLE = Automatic;
				INFOPLIST_FILE = WeatherApp/Info.plist;
				LD_RUNPATH_SEARCH_PATHS = "$(inherited) @executable_path/Frameworks";
				PRODUCT_BUNDLE_IDENTIFIER = Indutech.WeatherApp;
				PRODUCT_NAME = "$(TARGET_NAME)";
				SWIFT_VERSION = 4.0;
				TARGETED_DEVICE_FAMILY = "1,2";
			};
			name = Debug;
		};
		2393063A2004E64700C1A6FE /* Release */ = {
			isa = XCBuildConfiguration;
			buildSettings = {
				ASSETCATALOG_COMPILER_APPICON_NAME = AppIcon;
				CODE_SIGN_STYLE = Automatic;
				INFOPLIST_FILE = WeatherApp/Info.plist;
				LD_RUNPATH_SEARCH_PATHS = "$(inherited) @executable_path/Frameworks";
				PRODUCT_BUNDLE_IDENTIFIER = Indutech.WeatherApp;
				PRODUCT_NAME = "$(TARGET_NAME)";
				SWIFT_VERSION = 4.0;
				TARGETED_DEVICE_FAMILY = "1,2";
			};
			name = Release;
		};
		2393063C2004E64700C1A6FE /* Debug */ = {
			isa = XCBuildConfiguration;
			buildSettings = {
				ALWAYS_EMBED_SWIFT_STANDARD_LIBRARIES = YES;
				BUNDLE_LOADER = "$(TEST_HOST)";
				CODE_SIGN_STYLE = Automatic;
				INFOPLIST_FILE = WeatherAppTests/Info.plist;
				LD_RUNPATH_SEARCH_PATHS = "$(inherited) @executable_path/Frameworks @loader_path/Frameworks";
				PRODUCT_BUNDLE_IDENTIFIER = Indutech.WeatherAppTests;
				PRODUCT_NAME = "$(TARGET_NAME)";
				SWIFT_VERSION = 4.0;
				TARGETED_DEVICE_FAMILY = "1,2";
				TEST_HOST = "$(BUILT_PRODUCTS_DIR)/WeatherApp.app/WeatherApp";
			};
			name = Debug;
		};
		2393063D2004E64700C1A6FE /* Release */ = {
			isa = XCBuildConfiguration;
			buildSettings = {
				ALWAYS_EMBED_SWIFT_STANDARD_LIBRARIES = YES;
				BUNDLE_LOADER = "$(TEST_HOST)";
				CODE_SIGN_STYLE = Automatic;
				INFOPLIST_FILE = WeatherAppTests/Info.plist;
				LD_RUNPATH_SEARCH_PATHS = "$(inherited) @executable_path/Frameworks @loader_path/Frameworks";
				PRODUCT_BUNDLE_IDENTIFIER = Indutech.WeatherAppTests;
				PRODUCT_NAME = "$(TARGET_NAME)";
				SWIFT_VERSION = 4.0;
				TARGETED_DEVICE_FAMILY = "1,2";
				TEST_HOST = "$(BUILT_PRODUCTS_DIR)/WeatherApp.app/WeatherApp";
			};
			name = Release;
		};
		2393063F2004E64700C1A6FE /* Debug */ = {
			isa = XCBuildConfiguration;
			buildSettings = {
				ALWAYS_EMBED_SWIFT_STANDARD_LIBRARIES = YES;
				CODE_SIGN_STYLE = Automatic;
				INFOPLIST_FILE = WeatherAppUITests/Info.plist;
				LD_RUNPATH_SEARCH_PATHS = "$(inherited) @executable_path/Frameworks @loader_path/Frameworks";
				PRODUCT_BUNDLE_IDENTIFIER = Indutech.WeatherAppUITests;
				PRODUCT_NAME = "$(TARGET_NAME)";
				SWIFT_VERSION = 4.0;
				TARGETED_DEVICE_FAMILY = "1,2";
				TEST_TARGET_NAME = WeatherApp;
			};
			name = Debug;
		};
		239306402004E64700C1A6FE /* Release */ = {
			isa = XCBuildConfiguration;
			buildSettings = {
				ALWAYS_EMBED_SWIFT_STANDARD_LIBRARIES = YES;
				CODE_SIGN_STYLE = Automatic;
				INFOPLIST_FILE = WeatherAppUITests/Info.plist;
				LD_RUNPATH_SEARCH_PATHS = "$(inherited) @executable_path/Frameworks @loader_path/Frameworks";
				PRODUCT_BUNDLE_IDENTIFIER = Indutech.WeatherAppUITests;
				PRODUCT_NAME = "$(TARGET_NAME)";
				SWIFT_VERSION = 4.0;
				TARGETED_DEVICE_FAMILY = "1,2";
				TEST_TARGET_NAME = WeatherApp;
			};
			name = Release;
		};
/* End XCBuildConfiguration section */

/* Begin XCConfigurationList section */
		2393060B2004E64500C1A6FE /* Build configuration list for PBXProject "WeatherApp" */ = {
			isa = XCConfigurationList;
			buildConfigurations = (
				239306362004E64700C1A6FE /* Debug */,
				239306372004E64700C1A6FE /* Release */,
			);
			defaultConfigurationIsVisible = 0;
			defaultConfigurationName = Release;
		};
		239306382004E64700C1A6FE /* Build configuration list for PBXNativeTarget "WeatherApp" */ = {
			isa = XCConfigurationList;
			buildConfigurations = (
				239306392004E64700C1A6FE /* Debug */,
				2393063A2004E64700C1A6FE /* Release */,
			);
			defaultConfigurationIsVisible = 0;
			defaultConfigurationName = Release;
		};
		2393063B2004E64700C1A6FE /* Build configuration list for PBXNativeTarget "WeatherAppTests" */ = {
			isa = XCConfigurationList;
			buildConfigurations = (
				2393063C2004E64700C1A6FE /* Debug */,
				2393063D2004E64700C1A6FE /* Release */,
			);
			defaultConfigurationIsVisible = 0;
			defaultConfigurationName = Release;
		};
		2393063E2004E64700C1A6FE /* Build configuration list for PBXNativeTarget "WeatherAppUITests" */ = {
			isa = XCConfigurationList;
			buildConfigurations = (
				2393063F2004E64700C1A6FE /* Debug */,
				239306402004E64700C1A6FE /* Release */,
			);
			defaultConfigurationIsVisible = 0;
			defaultConfigurationName = Release;
		};
/* End XCConfigurationList section */
	};
	rootObject = 239306082004E64500C1A6FE /* Project object */;
}
